// !$*UTF8*$!
{
	archiveVersion = 1;
	classes = {
	};
	objectVersion = 46;
	objects = {

/* Begin PBXBuildFile section */
		43116B8F1D0CDE86008CA6CC /* AppDelegate.swift in Sources */ = {isa = PBXBuildFile; fileRef = 43116B8E1D0CDE86008CA6CC /* AppDelegate.swift */; };
		43116B911D0CDE86008CA6CC /* ViewController.swift in Sources */ = {isa = PBXBuildFile; fileRef = 43116B901D0CDE86008CA6CC /* ViewController.swift */; };
		43116B941D0CDE86008CA6CC /* Main.storyboard in Resources */ = {isa = PBXBuildFile; fileRef = 43116B921D0CDE86008CA6CC /* Main.storyboard */; };
		43116B961D0CDE86008CA6CC /* Assets.xcassets in Resources */ = {isa = PBXBuildFile; fileRef = 43116B951D0CDE86008CA6CC /* Assets.xcassets */; };
		43116B991D0CDE86008CA6CC /* LaunchScreen.storyboard in Resources */ = {isa = PBXBuildFile; fileRef = 43116B971D0CDE86008CA6CC /* LaunchScreen.storyboard */; };
/* End PBXBuildFile section */

/* Begin PBXFileReference section */
		43116B8B1D0CDE86008CA6CC /* Section1Lec20.app */ = {isa = PBXFileReference; explicitFileType = wrapper.application; includeInIndex = 0; path = Section1Lec20.app; sourceTree = BUILT_PRODUCTS_DIR; };
		43116B8E1D0CDE86008CA6CC /* AppDelegate.swift */ = {isa = PBXFileReference; lastKnownFileType = sourcecode.swift; path = AppDelegate.swift; sourceTree = "<group>"; };
		43116B901D0CDE86008CA6CC /* ViewController.swift */ = {isa = PBXFileReference; lastKnownFileType = sourcecode.swift; path = ViewController.swift; sourceTree = "<group>"; };
		43116B931D0CDE86008CA6CC /* Base */ = {isa = PBXFileReference; lastKnownFileType = file.storyboard; name = Base; path = Base.lproj/Main.storyboard; sourceTree = "<group>"; };
		43116B951D0CDE86008CA6CC /* Assets.xcassets */ = {isa = PBXFileReference; lastKnownFileType = folder.assetcatalog; path = Assets.xcassets; sourceTree = "<group>"; };
		43116B981D0CDE86008CA6CC /* Base */ = {isa = PBXFileReference; lastKnownFileType = file.storyboard; name = Base; path = Base.lproj/LaunchScreen.storyboard; sourceTree = "<group>"; };
		43116B9A1D0CDE86008CA6CC /* Info.plist */ = {isa = PBXFileReference; lastKnownFileType = text.plist.xml; path = Info.plist; sourceTree = "<group>"; };
/* End PBXFileReference section */

/* Begin PBXFrameworksBuildPhase section */
		43116B881D0CDE86008CA6CC /* Frameworks */ = {
			isa = PBXFrameworksBuildPhase;
			buildActionMask = 2147483647;
			files = (
			);
			runOnlyForDeploymentPostprocessing = 0;
		};
/* End PBXFrameworksBuildPhase section */

/* Begin PBXGroup section */
		43116B821D0CDE85008CA6CC = {
			isa = PBXGroup;
			children = (
				43116B8D1D0CDE86008CA6CC /* Section1Lec20 */,
				43116B8C1D0CDE86008CA6CC /* Products */,
			);
			sourceTree = "<group>";
		};
		43116B8C1D0CDE86008CA6CC /* Products */ = {
			isa = PBXGroup;
			children = (
				43116B8B1D0CDE86008CA6CC /* Section1Lec20.app */,
			);
			name = Products;
			sourceTree = "<group>";
		};
		43116B8D1D0CDE86008CA6CC /* Section1Lec20 */ = {
			isa = PBXGroup;
			children = (
				43116B8E1D0CDE86008CA6CC /* AppDelegate.swift */,
				43116B901D0CDE86008CA6CC /* ViewController.swift */,
				43116B921D0CDE86008CA6CC /* Main.storyboard */,
				43116B951D0CDE86008CA6CC /* Assets.xcassets */,
				43116B971D0CDE86008CA6CC /* LaunchScreen.storyboard */,
				43116B9A1D0CDE86008CA6CC /* Info.plist */,
			);
			path = Section1Lec20;
			sourceTree = "<group>";
		};
/* End PBXGroup section */

/* Begin PBXNativeTarget section */
		43116B8A1D0CDE86008CA6CC /* Section1Lec20 */ = {
			isa = PBXNativeTarget;
			buildConfigurationList = 43116B9D1D0CDE86008CA6CC /* Build configuration list for PBXNativeTarget "Section1Lec20" */;
			buildPhases = (
				43116B871D0CDE86008CA6CC /* Sources */,
				43116B881D0CDE86008CA6CC /* Frameworks */,
				43116B891D0CDE86008CA6CC /* Resources */,
			);
			buildRules = (
			);
			dependencies = (
			);
			name = Section1Lec20;
			productName = Section1Lec20;
			productReference = 43116B8B1D0CDE86008CA6CC /* Section1Lec20.app */;
			productType = "com.apple.product-type.application";
		};
/* End PBXNativeTarget section */

/* Begin PBXProject section */
		43116B831D0CDE85008CA6CC /* Project object */ = {
			isa = PBXProject;
			attributes = {
				LastSwiftUpdateCheck = 0730;
				LastUpgradeCheck = 0730;
				ORGANIZATIONNAME = HuddleApp;
				TargetAttributes = {
					43116B8A1D0CDE86008CA6CC = {
						CreatedOnToolsVersion = 7.3.1;
					};
				};
			};
			buildConfigurationList = 43116B861D0CDE85008CA6CC /* Build configuration list for PBXProject "Section1Lec20" */;
			compatibilityVersion = "Xcode 3.2";
			developmentRegion = English;
			hasScannedForEncodings = 0;
			knownRegions = (
				en,
				Base,
			);
			mainGroup = 43116B821D0CDE85008CA6CC;
			productRefGroup = 43116B8C1D0CDE86008CA6CC /* Products */;
			projectDirPath = "";
			projectRoot = "";
			targets = (
				43116B8A1D0CDE86008CA6CC /* Section1Lec20 */,
			);
		};
/* End PBXProject section */

/* Begin PBXResourcesBuildPhase section */
		43116B891D0CDE86008CA6CC /* Resources */ = {
			isa = PBXResourcesBuildPhase;
			buildActionMask = 2147483647;
			files = (
				43116B991D0CDE86008CA6CC /* LaunchScreen.storyboard in Resources */,
				43116B961D0CDE86008CA6CC /* Assets.xcassets in Resources */,
				43116B941D0CDE86008CA6CC /* Main.storyboard in Resources */,
			);
			runOnlyForDeploymentPostprocessing = 0;
		};
/* End PBXResourcesBuildPhase section */

/* Begin PBXSourcesBuildPhase section */
		43116B871D0CDE86008CA6CC /* Sources */ = {
			isa = PBXSourcesBuildPhase;
			buildActionMask = 2147483647;
			files = (
				43116B911D0CDE86008CA6CC /* ViewController.swift in Sources */,
				43116B8F1D0CDE86008CA6CC /* AppDelegate.swift in Sources */,
			);
			runOnlyForDeploymentPostprocessing = 0;
		};
/* End PBXSourcesBuildPhase section */

/* Begin PBXVariantGroup section */
		43116B921D0CDE86008CA6CC /* Main.storyboard */ = {
			isa = PBXVariantGroup;
			children = (
				43116B931D0CDE86008CA6CC /* Base */,
			);
			name = Main.storyboard;
			sourceTree = "<group>";
		};
		43116B971D0CDE86008CA6CC /* LaunchScreen.storyboard */ = {
			isa = PBXVariantGroup;
			children = (
				43116B981D0CDE86008CA6CC /* Base */,
			);
			name = LaunchScreen.storyboard;
			sourceTree = "<group>";
		};
/* End PBXVariantGroup section */

/* Begin XCBuildConfiguration section */
		43116B9B1D0CDE86008CA6CC /* Debug */ = {
			isa = XCBuildConfiguration;
			buildSettings = {
				ALWAYS_SEARCH_USER_PATHS = NO;
				CLANG_ANALYZER_NONNULL = YES;
				CLANG_CXX_LANGUAGE_STANDARD = "gnu++0x";
				CLANG_CXX_LIBRARY = "libc++";
				CLANG_ENABLE_MODULES = YES;
				CLANG_ENABLE_OBJC_ARC = YES;
				CLANG_WARN_BOOL_CONVERSION = YES;
				CLANG_WARN_CONSTANT_CONVERSION = YES;
				CLANG_WARN_DIRECT_OBJC_ISA_USAGE = YES_ERROR;
				CLANG_WARN_EMPTY_BODY = YES;
				CLANG_WARN_ENUM_CONVERSION = YES;
				CLANG_WARN_INT_CONVERSION = YES;
				CLANG_WARN_OBJC_ROOT_CLASS = YES_ERROR;
				CLANG_WARN_UNREACHABLE_CODE = YES;
				CLANG_WARN__DUPLICATE_METHOD_MATCH = YES;
				"CODE_SIGN_IDENTITY[sdk=iphoneos*]" = "iPhone Developer";
				COPY_PHASE_STRIP = NO;
				DEBUG_INFORMATION_FORMAT = dwarf;
				ENABLE_STRICT_OBJC_MSGSEND = YES;
				ENABLE_TESTABILITY = YES;
				GCC_C_LANGUAGE_STANDARD = gnu99;
				GCC_DYNAMIC_NO_PIC = NO;
				GCC_NO_COMMON_BLOCKS = YES;
				GCC_OPTIMIZATION_LEVEL = 0;
				GCC_PREPROCESSOR_DEFINITIONS = (
					"DEBUG=1",
					"$(inherited)",
				);
				GCC_WARN_64_TO_32_BIT_CONVERSION = YES;
				GCC_WARN_ABOUT_RETURN_TYPE = YES_ERROR;
				GCC_WARN_UNDECLARED_SELECTOR = YES;
				GCC_WARN_UNINITIALIZED_AUTOS = YES_AGGRESSIVE;
				GCC_WARN_UNUSED_FUNCTION = YES;
				GCC_WARN_UNUSED_VARIABLE = YES;
				IPHONEOS_DEPLOYMENT_TARGET = 9.3;
				MTL_ENABLE_DEBUG_INFO = YES;
				ONLY_ACTIVE_ARCH = YES;
				SDKROOT = iphoneos;
				SWIFT_OPTIMIZATION_LEVEL = "-Onone";
			};
			name = Debug;
		};
		43116B9C1D0CDE86008CA6CC /* Release */ = {
			isa = XCBuildConfiguration;
			buildSettings = {
				ALWAYS_SEARCH_USER_PATHS = NO;
				CLANG_ANALYZER_NONNULL = YES;
				CLANG_CXX_LANGUAGE_STANDARD = "gnu++0x";
				CLANG_CXX_LIBRARY = "libc++";
				CLANG_ENABLE_MODULES = YES;
				CLANG_ENABLE_OBJC_ARC = YES;
				CLANG_WARN_BOOL_CONVERSION = YES;
				CLANG_WARN_CONSTANT_CONVERSION = YES;
				CLANG_WARN_DIRECT_OBJC_ISA_USAGE = YES_ERROR;
				CLANG_WARN_EMPTY_BODY = YES;
				CLANG_WARN_ENUM_CONVERSION = YES;
				CLANG_WARN_INT_CONVERSION = YES;
				CLANG_WARN_OBJC_ROOT_CLASS = YES_ERROR;
				CLANG_WARN_UNREACHABLE_CODE = YES;
				CLANG_WARN__DUPLICATE_METHOD_MATCH = YES;
				"CODE_SIGN_IDENTITY[sdk=iphoneos*]" = "iPhone Developer";
				COPY_PHASE_STRIP = NO;
				DEBUG_INFORMATION_FORMAT = "dwarf-with-dsym";
				ENABLE_NS_ASSERTIONS = NO;
				ENABLE_STRICT_OBJC_MSGSEND = YES;
				GCC_C_LANGUAGE_STANDARD = gnu99;
				GCC_NO_COMMON_BLOCKS = YES;
				GCC_WARN_64_TO_32_BIT_CONVERSION = YES;
				GCC_WARN_ABOUT_RETURN_TYPE = YES_ERROR;
				GCC_WARN_UNDECLARED_SELECTOR = YES;
				GCC_WARN_UNINITIALIZED_AUTOS = YES_AGGRESSIVE;
				GCC_WARN_UNUSED_FUNCTION = YES;
				GCC_WARN_UNUSED_VARIABLE = YES;
				IPHONEOS_DEPLOYMENT_TARGET = 9.3;
				MTL_ENABLE_DEBUG_INFO = NO;
				SDKROOT = iphoneos;
				VALIDATE_PRODUCT = YES;
			};
			name = Release;
		};
		43116B9E1D0CDE86008CA6CC /* Debug */ = {
			isa = XCBuildConfiguration;
			buildSettings = {
				ASSETCATALOG_COMPILER_APPICON_NAME = AppIcon;
				INFOPLIST_FILE = Section1Lec20/Info.plist;
				LD_RUNPATH_SEARCH_PATHS = "$(inherited) @executable_path/Frameworks";
				PRODUCT_BUNDLE_IDENTIFIER = com.huddleapp.Section1Lec20;
				PRODUCT_NAME = "$(TARGET_NAME)";
			};
			name = Debug;
		};
		43116B9F1D0CDE86008CA6CC /* Release */ = {
			isa = XCBuildConfiguration;
			buildSettings = {
				ASSETCATALOG_COMPILER_APPICON_NAME = AppIcon;
				INFOPLIST_FILE = Section1Lec20/Info.plist;
				LD_RUNPATH_SEARCH_PATHS = "$(inherited) @executable_path/Frameworks";
				PRODUCT_BUNDLE_IDENTIFIER = com.huddleapp.Section1Lec20;
				PRODUCT_NAME = "$(TARGET_NAME)";
			};
			name = Release;
		};
/* End XCBuildConfiguration section */

/* Begin XCConfigurationList section */
		43116B861D0CDE85008CA6CC /* Build configuration list for PBXProject "Section1Lec20" */ = {
			isa = XCConfigurationList;
			buildConfigurations = (
				43116B9B1D0CDE86008CA6CC /* Debug */,
				43116B9C1D0CDE86008CA6CC /* Release */,
			);
			defaultConfigurationIsVisible = 0;
			defaultConfigurationName = Release;
		};
		43116B9D1D0CDE86008CA6CC /* Build configuration list for PBXNativeTarget "Section1Lec20" */ = {
			isa = XCConfigurationList;
			buildConfigurations = (
				43116B9E1D0CDE86008CA6CC /* Debug */,
				43116B9F1D0CDE86008CA6CC /* Release */,
			);
			defaultConfigurationIsVisible = 0;
			defaultConfigurationName = Release;
		};
/* End XCConfigurationList section */
	};
	rootObject = 43116B831D0CDE85008CA6CC /* Project object */;
}
